
Microsoft Visual Studio Solution File, Format Version 12.00
# Visual Studio Version 17
VisualStudioVersion = 17.0.32014.148
MinimumVisualStudioVersion = 10.0.40219.1
Project("{9A19103F-16F7-4668-BE54-9A1E7A4F7556}") = "Admegatest.Web", "Admegatest.Web\Admegatest.Web.csproj", "{D53E927A-F0FB-4232-BBEA-4DDFEA4D5FC7}"
EndProject
Project("{9A19103F-16F7-4668-BE54-9A1E7A4F7556}") = "Admegatest.Core", "Admegatest.Core\Admegatest.Core.csproj", "{198A6F0A-479D-4FD1-87D5-03F321E50E3A}"
EndProject
Project("{FAE04EC0-301F-11D3-BF4B-00C04F79EFBC}") = "Admegatest.Data", "Admegatest.Data\Admegatest.Data.csproj", "{60EE0399-79C8-4512-A851-5B3500F221E0}"
EndProject
Project("{FAE04EC0-301F-11D3-BF4B-00C04F79EFBC}") = "Admegatest.Services", "Admegatest.Services\Admegatest.Services.csproj", "{22B25BA4-1B2F-4A72-ADB3-B6E3D8E41CCB}"
EndProject
Project("{FAE04EC0-301F-11D3-BF4B-00C04F79EFBC}") = "Admegatest.Components", "Admegatest.Components\Admegatest.Components.csproj", "{B0F56DB5-25F8-48D6-BABB-E603F66707DA}"
EndProject
Global
	GlobalSection(SolutionConfigurationPlatforms) = preSolution
		Debug|Any CPU = Debug|Any CPU
		Release|Any CPU = Release|Any CPU
	EndGlobalSection
	GlobalSection(ProjectConfigurationPlatforms) = postSolution
		{D53E927A-F0FB-4232-BBEA-4DDFEA4D5FC7}.Debug|Any CPU.ActiveCfg = Debug|Any CPU
		{D53E927A-F0FB-4232-BBEA-4DDFEA4D5FC7}.Debug|Any CPU.Build.0 = Debug|Any CPU
		{D53E927A-F0FB-4232-BBEA-4DDFEA4D5FC7}.Release|Any CPU.ActiveCfg = Release|Any CPU
		{D53E927A-F0FB-4232-BBEA-4DDFEA4D5FC7}.Release|Any CPU.Build.0 = Release|Any CPU
		{198A6F0A-479D-4FD1-87D5-03F321E50E3A}.Debug|Any CPU.ActiveCfg = Debug|Any CPU
		{198A6F0A-479D-4FD1-87D5-03F321E50E3A}.Debug|Any CPU.Build.0 = Debug|Any CPU
		{198A6F0A-479D-4FD1-87D5-03F321E50E3A}.Release|Any CPU.ActiveCfg = Release|Any CPU
		{198A6F0A-479D-4FD1-87D5-03F321E50E3A}.Release|Any CPU.Build.0 = Release|Any CPU
		{60EE0399-79C8-4512-A851-5B3500F221E0}.Debug|Any CPU.ActiveCfg = Debug|Any CPU
		{60EE0399-79C8-4512-A851-5B3500F221E0}.Debug|Any CPU.Build.0 = Debug|Any CPU
		{60EE0399-79C8-4512-A851-5B3500F221E0}.Release|Any CPU.ActiveCfg = Release|Any CPU
		{60EE0399-79C8-4512-A851-5B3500F221E0}.Release|Any CPU.Build.0 = Release|Any CPU
		{22B25BA4-1B2F-4A72-ADB3-B6E3D8E41CCB}.Debug|Any CPU.ActiveCfg = Debug|Any CPU
		{22B25BA4-1B2F-4A72-ADB3-B6E3D8E41CCB}.Debug|Any CPU.Build.0 = Debug|Any CPU
		{22B25BA4-1B2F-4A72-ADB3-B6E3D8E41CCB}.Release|Any CPU.ActiveCfg = Release|Any CPU
		{22B25BA4-1B2F-4A72-ADB3-B6E3D8E41CCB}.Release|Any CPU.Build.0 = Release|Any CPU
		{B0F56DB5-25F8-48D6-BABB-E603F66707DA}.Debug|Any CPU.ActiveCfg = Debug|Any CPU
		{B0F56DB5-25F8-48D6-BABB-E603F66707DA}.Debug|Any CPU.Build.0 = Debug|Any CPU
		{B0F56DB5-25F8-48D6-BABB-E603F66707DA}.Release|Any CPU.ActiveCfg = Release|Any CPU
		{B0F56DB5-25F8-48D6-BABB-E603F66707DA}.Release|Any CPU.Build.0 = Release|Any CPU
	EndGlobalSection
	GlobalSection(SolutionProperties) = preSolution
		HideSolutionNode = FALSE
	EndGlobalSection
	GlobalSection(ExtensibilityGlobals) = postSolution
		SolutionGuid = {A96E7D1C-B922-48B7-A184-67C623C5B5AE}
	EndGlobalSection
EndGlobal
