
Microsoft Visual Studio Solution File, Format Version 12.00
# Visual Studio Version 17
VisualStudioVersion = 17.0.32112.339
MinimumVisualStudioVersion = 10.0.40219.1
Project("{2150E333-8FDC-42A3-9474-1A3956D46DE8}") = "src", "src", "{F92654A1-5661-421A-B90C-86480767B95F}"
EndProject
Project("{2150E333-8FDC-42A3-9474-1A3956D46DE8}") = "tests", "tests", "{940619FD-9835-4155-A376-F1C3A09DC1E0}"
EndProject
Project("{9A19103F-16F7-4668-BE54-9A1E7A4F7556}") = "AdMegasoft.Infrastructure", "src\AdMegasoft.Infrastructure\AdMegasoft.Infrastructure.csproj", "{23EE6C82-6892-4C5F-B9DF-D80F8ACAA4A6}"
EndProject
Project("{9A19103F-16F7-4668-BE54-9A1E7A4F7556}") = "AdMegasoft.Core", "src\AdMegasoft.Core\AdMegasoft.Core.csproj", "{089592F5-FE82-4670-B664-C0D433899D5B}"
EndProject
Project("{9A19103F-16F7-4668-BE54-9A1E7A4F7556}") = "AdMegasoft.Application", "src\AdMegasoft.Application\AdMegasoft.Application.csproj", "{C3B2A2E6-A8CD-4A6B-A207-A1BA921A76FD}"
EndProject
Project("{9A19103F-16F7-4668-BE54-9A1E7A4F7556}") = "AdMegasoft.Web", "src\AdMegasoft.Web\AdMegasoft.Web.csproj", "{DA3137E4-0314-451A-8CB1-C1F7DBD0C9C4}"
EndProject
Global
	GlobalSection(SolutionConfigurationPlatforms) = preSolution
		Debug|Any CPU = Debug|Any CPU
		Release|Any CPU = Release|Any CPU
	EndGlobalSection
	GlobalSection(ProjectConfigurationPlatforms) = postSolution
		{23EE6C82-6892-4C5F-B9DF-D80F8ACAA4A6}.Debug|Any CPU.ActiveCfg = Debug|Any CPU
		{23EE6C82-6892-4C5F-B9DF-D80F8ACAA4A6}.Debug|Any CPU.Build.0 = Debug|Any CPU
		{23EE6C82-6892-4C5F-B9DF-D80F8ACAA4A6}.Release|Any CPU.ActiveCfg = Release|Any CPU
		{23EE6C82-6892-4C5F-B9DF-D80F8ACAA4A6}.Release|Any CPU.Build.0 = Release|Any CPU
		{089592F5-FE82-4670-B664-C0D433899D5B}.Debug|Any CPU.ActiveCfg = Debug|Any CPU
		{089592F5-FE82-4670-B664-C0D433899D5B}.Debug|Any CPU.Build.0 = Debug|Any CPU
		{089592F5-FE82-4670-B664-C0D433899D5B}.Release|Any CPU.ActiveCfg = Release|Any CPU
		{089592F5-FE82-4670-B664-C0D433899D5B}.Release|Any CPU.Build.0 = Release|Any CPU
		{C3B2A2E6-A8CD-4A6B-A207-A1BA921A76FD}.Debug|Any CPU.ActiveCfg = Debug|Any CPU
		{C3B2A2E6-A8CD-4A6B-A207-A1BA921A76FD}.Debug|Any CPU.Build.0 = Debug|Any CPU
		{C3B2A2E6-A8CD-4A6B-A207-A1BA921A76FD}.Release|Any CPU.ActiveCfg = Release|Any CPU
		{C3B2A2E6-A8CD-4A6B-A207-A1BA921A76FD}.Release|Any CPU.Build.0 = Release|Any CPU
		{DA3137E4-0314-451A-8CB1-C1F7DBD0C9C4}.Debug|Any CPU.ActiveCfg = Debug|Any CPU
		{DA3137E4-0314-451A-8CB1-C1F7DBD0C9C4}.Debug|Any CPU.Build.0 = Debug|Any CPU
		{DA3137E4-0314-451A-8CB1-C1F7DBD0C9C4}.Release|Any CPU.ActiveCfg = Release|Any CPU
		{DA3137E4-0314-451A-8CB1-C1F7DBD0C9C4}.Release|Any CPU.Build.0 = Release|Any CPU
	EndGlobalSection
	GlobalSection(SolutionProperties) = preSolution
		HideSolutionNode = FALSE
	EndGlobalSection
	GlobalSection(NestedProjects) = preSolution
		{23EE6C82-6892-4C5F-B9DF-D80F8ACAA4A6} = {F92654A1-5661-421A-B90C-86480767B95F}
		{089592F5-FE82-4670-B664-C0D433899D5B} = {F92654A1-5661-421A-B90C-86480767B95F}
		{C3B2A2E6-A8CD-4A6B-A207-A1BA921A76FD} = {F92654A1-5661-421A-B90C-86480767B95F}
		{DA3137E4-0314-451A-8CB1-C1F7DBD0C9C4} = {F92654A1-5661-421A-B90C-86480767B95F}
	EndGlobalSection
	GlobalSection(ExtensibilityGlobals) = postSolution
		SolutionGuid = {CBF5A8F9-A952-4E90-ADD8-609012BBCB80}
	EndGlobalSection
EndGlobal
