
Microsoft Visual Studio Solution File, Format Version 12.00
# Visual Studio Version 17
VisualStudioVersion = 17.0.32112.339
MinimumVisualStudioVersion = 10.0.40219.1
Project("{2150E333-8FDC-42A3-9474-1A3956D46DE8}") = "src", "src", "{F92654A1-5661-421A-B90C-86480767B95F}"
EndProject
Project("{2150E333-8FDC-42A3-9474-1A3956D46DE8}") = "tests", "tests", "{940619FD-9835-4155-A376-F1C3A09DC1E0}"
EndProject
Project("{2150E333-8FDC-42A3-9474-1A3956D46DE8}") = "Core", "Core", "{49224FB5-873C-408B-94A0-DEAEB3E47ED0}"
EndProject
Project("{2150E333-8FDC-42A3-9474-1A3956D46DE8}") = "Infrastructure", "Infrastructure", "{44022A7D-C454-4611-9B35-5F62812183E3}"
EndProject
Project("{2150E333-8FDC-42A3-9474-1A3956D46DE8}") = "Web", "Web", "{C1D5CCD6-159A-4AD9-A56B-A490C7615052}"
EndProject
Project("{2150E333-8FDC-42A3-9474-1A3956D46DE8}") = "Shared", "Shared", "{D829F7FA-23BC-4A12-9514-707D5CE70EC4}"
EndProject
Project("{9A19103F-16F7-4668-BE54-9A1E7A4F7556}") = "Application", "src\Application\Application.csproj", "{59F1D70F-3822-405F-8B75-10E1D36B00F1}"
EndProject
Project("{9A19103F-16F7-4668-BE54-9A1E7A4F7556}") = "Domain", "src\Domain\Domain.csproj", "{8E893238-C8E7-4043-AA9B-BD750C860A7E}"
EndProject
Project("{9A19103F-16F7-4668-BE54-9A1E7A4F7556}") = "Infrastructure", "src\Infrastructure\Infrastructure.csproj", "{9D2ECAA9-0DB2-4CCF-974F-188C05E74FF2}"
EndProject
Project("{9A19103F-16F7-4668-BE54-9A1E7A4F7556}") = "Shared", "src\Shared\Shared.csproj", "{2F9AD367-D17F-47B8-8574-B35918ED5D4F}"
EndProject
Project("{9A19103F-16F7-4668-BE54-9A1E7A4F7556}") = "Web", "src\Web\Web.csproj", "{D5CD90B2-0F31-469B-924D-4C625A6AE149}"
EndProject
Project("{9A19103F-16F7-4668-BE54-9A1E7A4F7556}") = "Web.Infrastructure", "src\Web.Infrastructure\Web.Infrastructure.csproj", "{86DDD76B-3DFB-40F7-A278-C47CE06807BD}"
EndProject
Project("{2150E333-8FDC-42A3-9474-1A3956D46DE8}") = "Solution Items", "Solution Items", "{E5622587-321F-463E-BF14-6D559E0EF228}"
	ProjectSection(SolutionItems) = preProject
		.editorconfig = .editorconfig
		README.md = README.md
	EndProjectSection
EndProject
Global
	GlobalSection(SolutionConfigurationPlatforms) = preSolution
		Debug|Any CPU = Debug|Any CPU
		Release|Any CPU = Release|Any CPU
	EndGlobalSection
	GlobalSection(ProjectConfigurationPlatforms) = postSolution
		{59F1D70F-3822-405F-8B75-10E1D36B00F1}.Debug|Any CPU.ActiveCfg = Debug|Any CPU
		{59F1D70F-3822-405F-8B75-10E1D36B00F1}.Debug|Any CPU.Build.0 = Debug|Any CPU
		{59F1D70F-3822-405F-8B75-10E1D36B00F1}.Release|Any CPU.ActiveCfg = Release|Any CPU
		{59F1D70F-3822-405F-8B75-10E1D36B00F1}.Release|Any CPU.Build.0 = Release|Any CPU
		{8E893238-C8E7-4043-AA9B-BD750C860A7E}.Debug|Any CPU.ActiveCfg = Debug|Any CPU
		{8E893238-C8E7-4043-AA9B-BD750C860A7E}.Debug|Any CPU.Build.0 = Debug|Any CPU
		{8E893238-C8E7-4043-AA9B-BD750C860A7E}.Release|Any CPU.ActiveCfg = Release|Any CPU
		{8E893238-C8E7-4043-AA9B-BD750C860A7E}.Release|Any CPU.Build.0 = Release|Any CPU
		{9D2ECAA9-0DB2-4CCF-974F-188C05E74FF2}.Debug|Any CPU.ActiveCfg = Debug|Any CPU
		{9D2ECAA9-0DB2-4CCF-974F-188C05E74FF2}.Debug|Any CPU.Build.0 = Debug|Any CPU
		{9D2ECAA9-0DB2-4CCF-974F-188C05E74FF2}.Release|Any CPU.ActiveCfg = Release|Any CPU
		{9D2ECAA9-0DB2-4CCF-974F-188C05E74FF2}.Release|Any CPU.Build.0 = Release|Any CPU
		{2F9AD367-D17F-47B8-8574-B35918ED5D4F}.Debug|Any CPU.ActiveCfg = Debug|Any CPU
		{2F9AD367-D17F-47B8-8574-B35918ED5D4F}.Debug|Any CPU.Build.0 = Debug|Any CPU
		{2F9AD367-D17F-47B8-8574-B35918ED5D4F}.Release|Any CPU.ActiveCfg = Release|Any CPU
		{2F9AD367-D17F-47B8-8574-B35918ED5D4F}.Release|Any CPU.Build.0 = Release|Any CPU
		{D5CD90B2-0F31-469B-924D-4C625A6AE149}.Debug|Any CPU.ActiveCfg = Debug|Any CPU
		{D5CD90B2-0F31-469B-924D-4C625A6AE149}.Debug|Any CPU.Build.0 = Debug|Any CPU
		{D5CD90B2-0F31-469B-924D-4C625A6AE149}.Release|Any CPU.ActiveCfg = Release|Any CPU
		{D5CD90B2-0F31-469B-924D-4C625A6AE149}.Release|Any CPU.Build.0 = Release|Any CPU
		{86DDD76B-3DFB-40F7-A278-C47CE06807BD}.Debug|Any CPU.ActiveCfg = Debug|Any CPU
		{86DDD76B-3DFB-40F7-A278-C47CE06807BD}.Debug|Any CPU.Build.0 = Debug|Any CPU
		{86DDD76B-3DFB-40F7-A278-C47CE06807BD}.Release|Any CPU.ActiveCfg = Release|Any CPU
		{86DDD76B-3DFB-40F7-A278-C47CE06807BD}.Release|Any CPU.Build.0 = Release|Any CPU
	EndGlobalSection
	GlobalSection(SolutionProperties) = preSolution
		HideSolutionNode = FALSE
	EndGlobalSection
	GlobalSection(NestedProjects) = preSolution
		{49224FB5-873C-408B-94A0-DEAEB3E47ED0} = {F92654A1-5661-421A-B90C-86480767B95F}
		{44022A7D-C454-4611-9B35-5F62812183E3} = {F92654A1-5661-421A-B90C-86480767B95F}
		{C1D5CCD6-159A-4AD9-A56B-A490C7615052} = {F92654A1-5661-421A-B90C-86480767B95F}
		{D829F7FA-23BC-4A12-9514-707D5CE70EC4} = {F92654A1-5661-421A-B90C-86480767B95F}
		{59F1D70F-3822-405F-8B75-10E1D36B00F1} = {49224FB5-873C-408B-94A0-DEAEB3E47ED0}
		{8E893238-C8E7-4043-AA9B-BD750C860A7E} = {49224FB5-873C-408B-94A0-DEAEB3E47ED0}
		{9D2ECAA9-0DB2-4CCF-974F-188C05E74FF2} = {44022A7D-C454-4611-9B35-5F62812183E3}
		{2F9AD367-D17F-47B8-8574-B35918ED5D4F} = {D829F7FA-23BC-4A12-9514-707D5CE70EC4}
		{D5CD90B2-0F31-469B-924D-4C625A6AE149} = {C1D5CCD6-159A-4AD9-A56B-A490C7615052}
		{86DDD76B-3DFB-40F7-A278-C47CE06807BD} = {C1D5CCD6-159A-4AD9-A56B-A490C7615052}
	EndGlobalSection
	GlobalSection(ExtensibilityGlobals) = postSolution
		SolutionGuid = {CBF5A8F9-A952-4E90-ADD8-609012BBCB80}
	EndGlobalSection
EndGlobal
