
Microsoft Visual Studio Solution File, Format Version 12.00
# Visual Studio Version 17
VisualStudioVersion = 17.0.32112.339
MinimumVisualStudioVersion = 10.0.40219.1
Project("{2150E333-8FDC-42A3-9474-1A3956D46DE8}") = "src", "src", "{F92654A1-5661-421A-B90C-86480767B95F}"
EndProject
Project("{2150E333-8FDC-42A3-9474-1A3956D46DE8}") = "tests", "tests", "{940619FD-9835-4155-A376-F1C3A09DC1E0}"
EndProject
Project("{2150E333-8FDC-42A3-9474-1A3956D46DE8}") = "Core", "Core", "{49224FB5-873C-408B-94A0-DEAEB3E47ED0}"
EndProject
Project("{2150E333-8FDC-42A3-9474-1A3956D46DE8}") = "Infrastructure", "Infrastructure", "{44022A7D-C454-4611-9B35-5F62812183E3}"
EndProject
Project("{2150E333-8FDC-42A3-9474-1A3956D46DE8}") = "Web", "Web", "{C1D5CCD6-159A-4AD9-A56B-A490C7615052}"
EndProject
Project("{9A19103F-16F7-4668-BE54-9A1E7A4F7556}") = "AdMegasoft.Domain", "src\Core\AdMegasoft.Domain\AdMegasoft.Domain.csproj", "{2434C719-EF3F-40A5-8984-413DFA9002FE}"
EndProject
Project("{9A19103F-16F7-4668-BE54-9A1E7A4F7556}") = "AdMegasoft.Abstractions", "src\Core\AdMegasoft.Abstractions\AdMegasoft.Abstractions.csproj", "{6B8EE337-5776-4110-A257-5FD82402538E}"
EndProject
Project("{9A19103F-16F7-4668-BE54-9A1E7A4F7556}") = "AdMegasoft.Infrastructure", "src\Infrastructure\AdMegasoft.Infrastructure\AdMegasoft.Infrastructure.csproj", "{FEE512E8-BDFD-444F-8CFC-A12705D62913}"
EndProject
Project("{9A19103F-16F7-4668-BE54-9A1E7A4F7556}") = "AdMegasoft.Application", "src\Core\AdMegasoft.Application\AdMegasoft.Application.csproj", "{3F6C520A-E612-4413-9F66-47FF4A5EE518}"
EndProject
Project("{9A19103F-16F7-4668-BE54-9A1E7A4F7556}") = "AdMegasoft.Web", "src\Web\AdMegasoft.Web\AdMegasoft.Web.csproj", "{BB85DC0B-190B-494C-B9CC-8F0DFB954B9B}"
EndProject
Project("{2150E333-8FDC-42A3-9474-1A3956D46DE8}") = "Persistence", "Persistence", "{6EE09938-0809-48C2-A1E0-DF2DFCB45639}"
EndProject
Project("{FAE04EC0-301F-11D3-BF4B-00C04F79EFBC}") = "AdMegasoft.Persistence", "src\Persistence\AdMegasoft.Persistence\AdMegasoft.Persistence.csproj", "{36F5172F-2B2E-4129-9828-BE04FB480EC8}"
EndProject
Global
	GlobalSection(SolutionConfigurationPlatforms) = preSolution
		Debug|Any CPU = Debug|Any CPU
		Release|Any CPU = Release|Any CPU
	EndGlobalSection
	GlobalSection(ProjectConfigurationPlatforms) = postSolution
		{2434C719-EF3F-40A5-8984-413DFA9002FE}.Debug|Any CPU.ActiveCfg = Debug|Any CPU
		{2434C719-EF3F-40A5-8984-413DFA9002FE}.Debug|Any CPU.Build.0 = Debug|Any CPU
		{2434C719-EF3F-40A5-8984-413DFA9002FE}.Release|Any CPU.ActiveCfg = Release|Any CPU
		{2434C719-EF3F-40A5-8984-413DFA9002FE}.Release|Any CPU.Build.0 = Release|Any CPU
		{6B8EE337-5776-4110-A257-5FD82402538E}.Debug|Any CPU.ActiveCfg = Debug|Any CPU
		{6B8EE337-5776-4110-A257-5FD82402538E}.Debug|Any CPU.Build.0 = Debug|Any CPU
		{6B8EE337-5776-4110-A257-5FD82402538E}.Release|Any CPU.ActiveCfg = Release|Any CPU
		{6B8EE337-5776-4110-A257-5FD82402538E}.Release|Any CPU.Build.0 = Release|Any CPU
		{FEE512E8-BDFD-444F-8CFC-A12705D62913}.Debug|Any CPU.ActiveCfg = Debug|Any CPU
		{FEE512E8-BDFD-444F-8CFC-A12705D62913}.Debug|Any CPU.Build.0 = Debug|Any CPU
		{FEE512E8-BDFD-444F-8CFC-A12705D62913}.Release|Any CPU.ActiveCfg = Release|Any CPU
		{FEE512E8-BDFD-444F-8CFC-A12705D62913}.Release|Any CPU.Build.0 = Release|Any CPU
		{3F6C520A-E612-4413-9F66-47FF4A5EE518}.Debug|Any CPU.ActiveCfg = Debug|Any CPU
		{3F6C520A-E612-4413-9F66-47FF4A5EE518}.Debug|Any CPU.Build.0 = Debug|Any CPU
		{3F6C520A-E612-4413-9F66-47FF4A5EE518}.Release|Any CPU.ActiveCfg = Release|Any CPU
		{3F6C520A-E612-4413-9F66-47FF4A5EE518}.Release|Any CPU.Build.0 = Release|Any CPU
		{BB85DC0B-190B-494C-B9CC-8F0DFB954B9B}.Debug|Any CPU.ActiveCfg = Debug|Any CPU
		{BB85DC0B-190B-494C-B9CC-8F0DFB954B9B}.Debug|Any CPU.Build.0 = Debug|Any CPU
		{BB85DC0B-190B-494C-B9CC-8F0DFB954B9B}.Release|Any CPU.ActiveCfg = Release|Any CPU
		{BB85DC0B-190B-494C-B9CC-8F0DFB954B9B}.Release|Any CPU.Build.0 = Release|Any CPU
		{36F5172F-2B2E-4129-9828-BE04FB480EC8}.Debug|Any CPU.ActiveCfg = Debug|Any CPU
		{36F5172F-2B2E-4129-9828-BE04FB480EC8}.Debug|Any CPU.Build.0 = Debug|Any CPU
		{36F5172F-2B2E-4129-9828-BE04FB480EC8}.Release|Any CPU.ActiveCfg = Release|Any CPU
		{36F5172F-2B2E-4129-9828-BE04FB480EC8}.Release|Any CPU.Build.0 = Release|Any CPU
	EndGlobalSection
	GlobalSection(SolutionProperties) = preSolution
		HideSolutionNode = FALSE
	EndGlobalSection
	GlobalSection(NestedProjects) = preSolution
		{49224FB5-873C-408B-94A0-DEAEB3E47ED0} = {F92654A1-5661-421A-B90C-86480767B95F}
		{44022A7D-C454-4611-9B35-5F62812183E3} = {F92654A1-5661-421A-B90C-86480767B95F}
		{C1D5CCD6-159A-4AD9-A56B-A490C7615052} = {F92654A1-5661-421A-B90C-86480767B95F}
		{2434C719-EF3F-40A5-8984-413DFA9002FE} = {49224FB5-873C-408B-94A0-DEAEB3E47ED0}
		{6B8EE337-5776-4110-A257-5FD82402538E} = {49224FB5-873C-408B-94A0-DEAEB3E47ED0}
		{FEE512E8-BDFD-444F-8CFC-A12705D62913} = {44022A7D-C454-4611-9B35-5F62812183E3}
		{3F6C520A-E612-4413-9F66-47FF4A5EE518} = {49224FB5-873C-408B-94A0-DEAEB3E47ED0}
		{BB85DC0B-190B-494C-B9CC-8F0DFB954B9B} = {C1D5CCD6-159A-4AD9-A56B-A490C7615052}
		{6EE09938-0809-48C2-A1E0-DF2DFCB45639} = {F92654A1-5661-421A-B90C-86480767B95F}
		{36F5172F-2B2E-4129-9828-BE04FB480EC8} = {6EE09938-0809-48C2-A1E0-DF2DFCB45639}
	EndGlobalSection
	GlobalSection(ExtensibilityGlobals) = postSolution
		SolutionGuid = {CBF5A8F9-A952-4E90-ADD8-609012BBCB80}
	EndGlobalSection
EndGlobal
