
Microsoft Visual Studio Solution File, Format Version 12.00
# Visual Studio Version 17
VisualStudioVersion = 17.0.32014.148
MinimumVisualStudioVersion = 10.0.40219.1
Project("{2150E333-8FDC-42A3-9474-1A3956D46DE8}") = "src", "src", "{8A9C84FE-C124-424C-816D-0DE3F8950786}"
EndProject
Project("{2150E333-8FDC-42A3-9474-1A3956D46DE8}") = "tests", "tests", "{E9289FA1-B891-4D74-A33C-87B496D36DC8}"
EndProject
Project("{2150E333-8FDC-42A3-9474-1A3956D46DE8}") = "Admegatest", "Admegatest", "{0D17A48F-E313-443B-8D1A-AC3CFCA36C60}"
EndProject
Project("{2150E333-8FDC-42A3-9474-1A3956D46DE8}") = "Backend", "Backend", "{2297D9C7-6D03-4969-9B38-971028A37352}"
EndProject
Project("{2150E333-8FDC-42A3-9474-1A3956D46DE8}") = "UI", "UI", "{32B962EA-8632-4971-A990-D1E6DC292F8C}"
EndProject
Project("{2150E333-8FDC-42A3-9474-1A3956D46DE8}") = "Admegatest", "Admegatest", "{75AA253E-6DE9-4DC8-A12B-AAA02D8D30BE}"
EndProject
Project("{2150E333-8FDC-42A3-9474-1A3956D46DE8}") = "Admegatest", "Admegatest", "{718E55E0-5656-4EC4-8687-3D84E6CA1EE0}"
EndProject
Project("{9A19103F-16F7-4668-BE54-9A1E7A4F7556}") = "Admegatest.Core", "src\Backend\Admegatest\Admegatest.Core\Admegatest.Core.csproj", "{DAA75B95-16C5-466C-B70A-E3C312C17E50}"
EndProject
Project("{9A19103F-16F7-4668-BE54-9A1E7A4F7556}") = "Admegatest.Services", "src\Backend\Admegatest\Admegatest.Services\Admegatest.Services.csproj", "{7E7329A3-A868-4AF1-8FD5-2AED3277A02A}"
EndProject
Project("{9A19103F-16F7-4668-BE54-9A1E7A4F7556}") = "Admegatest.Data", "src\Backend\Admegatest\Admegatest.Data\Admegatest.Data.csproj", "{A0C3AABC-2468-4B61-9FC9-540835F2A7BA}"
EndProject
Project("{9A19103F-16F7-4668-BE54-9A1E7A4F7556}") = "Admegatest.Configuration", "src\Backend\Admegatest\Admegatest.Configuration\Admegatest.Configuration.csproj", "{7A1A6E46-B376-43DD-AFD2-84C26D08A779}"
EndProject
Project("{9A19103F-16F7-4668-BE54-9A1E7A4F7556}") = "Admegatest.Web", "src\UI\Admegatest\Admegatest.Web\Admegatest.Web.csproj", "{D3EBC7D7-FBF8-4C7B-8485-380186A0F6A5}"
EndProject
Project("{9A19103F-16F7-4668-BE54-9A1E7A4F7556}") = "Admegatest.Services.Tests", "tests\Admegatest\Admegatest.Services.Tests\Admegatest.Services.Tests.csproj", "{0DFD9F55-EE86-43A3-9892-CD1644D93056}"
EndProject
Global
	GlobalSection(SolutionConfigurationPlatforms) = preSolution
		Debug|Any CPU = Debug|Any CPU
		Release|Any CPU = Release|Any CPU
	EndGlobalSection
	GlobalSection(ProjectConfigurationPlatforms) = postSolution
		{DAA75B95-16C5-466C-B70A-E3C312C17E50}.Debug|Any CPU.ActiveCfg = Debug|Any CPU
		{DAA75B95-16C5-466C-B70A-E3C312C17E50}.Debug|Any CPU.Build.0 = Debug|Any CPU
		{DAA75B95-16C5-466C-B70A-E3C312C17E50}.Release|Any CPU.ActiveCfg = Release|Any CPU
		{DAA75B95-16C5-466C-B70A-E3C312C17E50}.Release|Any CPU.Build.0 = Release|Any CPU
		{7E7329A3-A868-4AF1-8FD5-2AED3277A02A}.Debug|Any CPU.ActiveCfg = Debug|Any CPU
		{7E7329A3-A868-4AF1-8FD5-2AED3277A02A}.Debug|Any CPU.Build.0 = Debug|Any CPU
		{7E7329A3-A868-4AF1-8FD5-2AED3277A02A}.Release|Any CPU.ActiveCfg = Release|Any CPU
		{7E7329A3-A868-4AF1-8FD5-2AED3277A02A}.Release|Any CPU.Build.0 = Release|Any CPU
		{A0C3AABC-2468-4B61-9FC9-540835F2A7BA}.Debug|Any CPU.ActiveCfg = Debug|Any CPU
		{A0C3AABC-2468-4B61-9FC9-540835F2A7BA}.Debug|Any CPU.Build.0 = Debug|Any CPU
		{A0C3AABC-2468-4B61-9FC9-540835F2A7BA}.Release|Any CPU.ActiveCfg = Release|Any CPU
		{A0C3AABC-2468-4B61-9FC9-540835F2A7BA}.Release|Any CPU.Build.0 = Release|Any CPU
		{7A1A6E46-B376-43DD-AFD2-84C26D08A779}.Debug|Any CPU.ActiveCfg = Debug|Any CPU
		{7A1A6E46-B376-43DD-AFD2-84C26D08A779}.Debug|Any CPU.Build.0 = Debug|Any CPU
		{7A1A6E46-B376-43DD-AFD2-84C26D08A779}.Release|Any CPU.ActiveCfg = Release|Any CPU
		{7A1A6E46-B376-43DD-AFD2-84C26D08A779}.Release|Any CPU.Build.0 = Release|Any CPU
		{D3EBC7D7-FBF8-4C7B-8485-380186A0F6A5}.Debug|Any CPU.ActiveCfg = Debug|Any CPU
		{D3EBC7D7-FBF8-4C7B-8485-380186A0F6A5}.Debug|Any CPU.Build.0 = Debug|Any CPU
		{D3EBC7D7-FBF8-4C7B-8485-380186A0F6A5}.Release|Any CPU.ActiveCfg = Release|Any CPU
		{D3EBC7D7-FBF8-4C7B-8485-380186A0F6A5}.Release|Any CPU.Build.0 = Release|Any CPU
		{0DFD9F55-EE86-43A3-9892-CD1644D93056}.Debug|Any CPU.ActiveCfg = Debug|Any CPU
		{0DFD9F55-EE86-43A3-9892-CD1644D93056}.Debug|Any CPU.Build.0 = Debug|Any CPU
		{0DFD9F55-EE86-43A3-9892-CD1644D93056}.Release|Any CPU.ActiveCfg = Release|Any CPU
		{0DFD9F55-EE86-43A3-9892-CD1644D93056}.Release|Any CPU.Build.0 = Release|Any CPU
	EndGlobalSection
	GlobalSection(SolutionProperties) = preSolution
		HideSolutionNode = FALSE
	EndGlobalSection
	GlobalSection(NestedProjects) = preSolution
		{0D17A48F-E313-443B-8D1A-AC3CFCA36C60} = {E9289FA1-B891-4D74-A33C-87B496D36DC8}
		{2297D9C7-6D03-4969-9B38-971028A37352} = {8A9C84FE-C124-424C-816D-0DE3F8950786}
		{32B962EA-8632-4971-A990-D1E6DC292F8C} = {8A9C84FE-C124-424C-816D-0DE3F8950786}
		{75AA253E-6DE9-4DC8-A12B-AAA02D8D30BE} = {2297D9C7-6D03-4969-9B38-971028A37352}
		{718E55E0-5656-4EC4-8687-3D84E6CA1EE0} = {32B962EA-8632-4971-A990-D1E6DC292F8C}
		{DAA75B95-16C5-466C-B70A-E3C312C17E50} = {75AA253E-6DE9-4DC8-A12B-AAA02D8D30BE}
		{7E7329A3-A868-4AF1-8FD5-2AED3277A02A} = {75AA253E-6DE9-4DC8-A12B-AAA02D8D30BE}
		{A0C3AABC-2468-4B61-9FC9-540835F2A7BA} = {75AA253E-6DE9-4DC8-A12B-AAA02D8D30BE}
		{7A1A6E46-B376-43DD-AFD2-84C26D08A779} = {75AA253E-6DE9-4DC8-A12B-AAA02D8D30BE}
		{D3EBC7D7-FBF8-4C7B-8485-380186A0F6A5} = {718E55E0-5656-4EC4-8687-3D84E6CA1EE0}
		{0DFD9F55-EE86-43A3-9892-CD1644D93056} = {0D17A48F-E313-443B-8D1A-AC3CFCA36C60}
	EndGlobalSection
	GlobalSection(ExtensibilityGlobals) = postSolution
		SolutionGuid = {A5677BA1-D7CD-4258-8E86-E569CA8EF6BE}
	EndGlobalSection
EndGlobal
